<?xml version="1.0" encoding="UTF-8"?>
<Scheme>
   <BuildAction
      buildConfiguration = "Debug">
   </BuildAction>
   <TestAction
      failureAction = "0">
   </TestAction>
   <LaunchAction
      selectedDebuggerIdentifier = ""
      selectedLauncherIdentifier = "Xcode.DebuggerFoundation.Launcher.GDB"
      loadSymbolsForSpecifiedModules = "NO"
      selectedAnalysisToolIdentifier = "/Xcode4/Applications/Instruments.app/Contents/Resources/templates/Leaks.tracetemplate"
      analysisToolsServiceExtensionIdentifier = "Xcode.InstrumentsService"
      displayScaleIsEnabled = "NO"
      displayScale = "1.00">
      <BuildableProductRunnable>
         <BuildableProductReference
            BuildableProductIdentifier = "Alchemy Pro.app">
         </BuildableProductReference>
/>
      </BuildableProductRunnable>
      <AdditionalOptions>
      </AdditionalOptions>
   </LaunchAction>
</Scheme>
