<?xml version="1.0" encoding="UTF-8"?>
<Scheme
   version = "1.1">
   <BuildAction
      parallelizeBuildables = "NO"
      buildImplicitDependencies = "YES">
   </BuildAction>
   <TestAction
      buildConfiguration = "Debug">
      <Testables>
      </Testables>
   </TestAction>
   <LaunchAction
      selectedDebuggerIdentifier = ""
      selectedLauncherIdentifier = "Xcode.DebuggerFoundation.Launcher.GDB"
      loadSymbolsForSpecifiedModules = "NO"
      displayScaleIsEnabled = "NO"
      displayScale = "1.00"
      launchStyle = "0"
      useCustomWorkingDirectory = "NO"
      buildConfiguration = "Debug">
      <BuildableProductRunnable>
         <BuildableReference
            BuildableIdentifier = "primary"
            BlueprintIdentifier = "B950AFA8124EF2C20056309D"
            BuildableName = "Alchemy Pro.app"
            BlueprintName = "Alchemy Pro"
            ReferencedContainer = "container:Alchemy Pro.xcodeproj">
         </BuildableReference>
      </BuildableProductRunnable>
      <AdditionalOptions>
      </AdditionalOptions>
   </LaunchAction>
   <ProfileAction
      displayScaleIsEnabled = "NO"
      displayScale = "1.00"
      shouldUseLaunchSchemeArgsEnv = "YES"
      useCustomWorkingDirectory = "NO"
      buildConfiguration = "Debug">
   </ProfileAction>
   <ArchiveAction
      buildConfiguration = "Release"
      customArchiveName = "Instruments">
   </ArchiveAction>
</Scheme>
