// !$*UTF8*$!
{
	archiveVersion = 1;
	classes = {
	};
	objectVersion = 46;
	objects = {

/* Begin PBXBuildFile section */
		B93F98DB12542B940071D211 /* ElementBackground2.png in Resources */ = {isa = PBXBuildFile; fileRef = B93F98DA12542B940071D211 /* ElementBackground2.png */; };
		B93F9912125439B50071D211 /* SampleElementIcon2.png in Resources */ = {isa = PBXBuildFile; fileRef = B93F9911125439B50071D211 /* SampleElementIcon2.png */; };
		B950AFAD124EF2C20056309D /* UIKit.framework in Frameworks */ = {isa = PBXBuildFile; fileRef = B950AFAC124EF2C20056309D /* UIKit.framework */; };
		B950AFAF124EF2C20056309D /* Foundation.framework in Frameworks */ = {isa = PBXBuildFile; fileRef = B950AFAE124EF2C20056309D /* Foundation.framework */; };
		B950AFB1124EF2C20056309D /* CoreGraphics.framework in Frameworks */ = {isa = PBXBuildFile; fileRef = B950AFB0124EF2C20056309D /* CoreGraphics.framework */; };
		B950AFB6124EF2C20056309D /* InfoPlist.strings in Resources */ = {isa = PBXBuildFile; fileRef = B950AFB4124EF2C20056309D /* InfoPlist.strings */; };
		B950AFB8124EF2C20056309D /* main.m in Sources */ = {isa = PBXBuildFile; fileRef = B950AFB7124EF2C20056309D /* main.m */; };
		B950AFBB124EF2C20056309D /* Alchemy_ProAppDelegate.m in Sources */ = {isa = PBXBuildFile; fileRef = B950AFBA124EF2C20056309D /* Alchemy_ProAppDelegate.m */; };
		B950AFBE124EF2C20056309D /* MainWindow.xib in Resources */ = {isa = PBXBuildFile; fileRef = B950AFBC124EF2C20056309D /* MainWindow.xib */; };
		B950AFC4124EF2C20056309D /* Alchemy_ProViewController.xib in Resources */ = {isa = PBXBuildFile; fileRef = B950AFC2124EF2C20056309D /* Alchemy_ProViewController.xib */; };
		B95624AE127D093B00AA8A66 /* ElementSelectionView.m in Sources */ = {isa = PBXBuildFile; fileRef = B95624AC127D093B00AA8A66 /* ElementSelectionView.m */; };
		B95624AF127D093B00AA8A66 /* ElementSelectionView.xib in Resources */ = {isa = PBXBuildFile; fileRef = B95624AD127D093B00AA8A66 /* ElementSelectionView.xib */; };
		B96467A012738B3B000BA1B8 /* Alchemy_ProViewController.m in Sources */ = {isa = PBXBuildFile; fileRef = B964679F12738B3A000BA1B8 /* Alchemy_ProViewController.m */; };
		B96467B31273917C000BA1B8 /* ElementCategories.plist in Resources */ = {isa = PBXBuildFile; fileRef = B96467B21273917C000BA1B8 /* ElementCategories.plist */; };
		B9650B2B1273894C00AD010C /* ElementComboPList.plist in Resources */ = {isa = PBXBuildFile; fileRef = B9650B2A1273894C00AD010C /* ElementComboPList.plist */; };
		B99202DD125181BD006E8CC8 /* Element.m in Sources */ = {isa = PBXBuildFile; fileRef = B99202DC125181BD006E8CC8 /* Element.m */; };
		B9FC9A321276864B006E4CEB /* ElementsForCategory.plist in Resources */ = {isa = PBXBuildFile; fileRef = B9FC9A311276864B006E4CEB /* ElementsForCategory.plist */; };
		B9FF40BE1273EA36003F667E /* SpecificCategoryViewController.xib in Resources */ = {isa = PBXBuildFile; fileRef = B9FF40BC1273EA36003F667E /* SpecificCategoryViewController.xib */; };
/* End PBXBuildFile section */

/* Begin PBXFileReference section */
		B93F98DA12542B940071D211 /* ElementBackground2.png */ = {isa = PBXFileReference; lastKnownFileType = image.png; path = ElementBackground2.png; sourceTree = "<group>"; };
		B93F9911125439B50071D211 /* SampleElementIcon2.png */ = {isa = PBXFileReference; lastKnownFileType = image.png; path = SampleElementIcon2.png; sourceTree = "<group>"; };
		B950AFA9124EF2C20056309D /* Alchemy Pro.app */ = {isa = PBXFileReference; explicitFileType = wrapper.application; includeInIndex = 0; path = "Alchemy Pro.app"; sourceTree = BUILT_PRODUCTS_DIR; };
		B950AFAC124EF2C20056309D /* UIKit.framework */ = {isa = PBXFileReference; lastKnownFileType = wrapper.framework; name = UIKit.framework; path = System/Library/Frameworks/UIKit.framework; sourceTree = SDKROOT; };
		B950AFAE124EF2C20056309D /* Foundation.framework */ = {isa = PBXFileReference; lastKnownFileType = wrapper.framework; name = Foundation.framework; path = System/Library/Frameworks/Foundation.framework; sourceTree = SDKROOT; };
		B950AFB0124EF2C20056309D /* CoreGraphics.framework */ = {isa = PBXFileReference; lastKnownFileType = wrapper.framework; name = CoreGraphics.framework; path = System/Library/Frameworks/CoreGraphics.framework; sourceTree = SDKROOT; };
		B950AFB2124EF2C20056309D /* Alchemy_Pro-Info.plist */ = {isa = PBXFileReference; lastKnownFileType = text.plist.xml; path = "Alchemy_Pro-Info.plist"; sourceTree = "<group>"; };
		B950AFB3124EF2C20056309D /* Alchemy_Pro_Prefix.pch */ = {isa = PBXFileReference; lastKnownFileType = sourcecode.c.h; path = Alchemy_Pro_Prefix.pch; sourceTree = "<group>"; };
		B950AFB5124EF2C20056309D /* en */ = {isa = PBXFileReference; lastKnownFileType = text.plist.strings; name = en; path = en.lproj/InfoPlist.strings; sourceTree = "<group>"; };
		B950AFB7124EF2C20056309D /* main.m */ = {isa = PBXFileReference; lastKnownFileType = sourcecode.c.objc; name = main.m; path = ../main.m; sourceTree = "<group>"; };
		B950AFB9124EF2C20056309D /* Alchemy_ProAppDelegate.h */ = {isa = PBXFileReference; lastKnownFileType = sourcecode.c.h; path = Alchemy_ProAppDelegate.h; sourceTree = "<group>"; };
		B950AFBA124EF2C20056309D /* Alchemy_ProAppDelegate.m */ = {isa = PBXFileReference; lastKnownFileType = sourcecode.c.objc; path = Alchemy_ProAppDelegate.m; sourceTree = "<group>"; };
		B950AFBD124EF2C20056309D /* en */ = {isa = PBXFileReference; lastKnownFileType = file.xib; name = en; path = en.lproj/MainWindow.xib; sourceTree = "<group>"; };
		B950AFBF124EF2C20056309D /* Alchemy_ProViewController.h */ = {isa = PBXFileReference; lastKnownFileType = sourcecode.c.h; path = Alchemy_ProViewController.h; sourceTree = "<group>"; };
		B950AFC3124EF2C20056309D /* en */ = {isa = PBXFileReference; lastKnownFileType = file.xib; name = en; path = en.lproj/Alchemy_ProViewController.xib; sourceTree = "<group>"; };
		B95624AB127D093B00AA8A66 /* ElementSelectionView.h */ = {isa = PBXFileReference; fileEncoding = 4; lastKnownFileType = sourcecode.c.h; name = ElementSelectionView.h; path = ../ElementSelectionView.h; sourceTree = "<group>"; };
		B95624AC127D093B00AA8A66 /* ElementSelectionView.m */ = {isa = PBXFileReference; fileEncoding = 4; lastKnownFileType = sourcecode.c.objc; name = ElementSelectionView.m; path = ../ElementSelectionView.m; sourceTree = "<group>"; };
		B95624AD127D093B00AA8A66 /* ElementSelectionView.xib */ = {isa = PBXFileReference; fileEncoding = 4; lastKnownFileType = file.xib; path = ElementSelectionView.xib; sourceTree = "<group>"; };
		B964679F12738B3A000BA1B8 /* Alchemy_ProViewController.m */ = {isa = PBXFileReference; fileEncoding = 4; lastKnownFileType = sourcecode.c.objc; path = Alchemy_ProViewController.m; sourceTree = "<group>"; };
		B96467B21273917C000BA1B8 /* ElementCategories.plist */ = {isa = PBXFileReference; fileEncoding = 4; lastKnownFileType = text.plist.xml; path = ElementCategories.plist; sourceTree = "<group>"; };
		B9650B2A1273894C00AD010C /* ElementComboPList.plist */ = {isa = PBXFileReference; fileEncoding = 4; lastKnownFileType = text.plist.xml; path = ElementComboPList.plist; sourceTree = "<group>"; };
		B99202DB125181BD006E8CC8 /* Element.h */ = {isa = PBXFileReference; fileEncoding = 4; lastKnownFileType = sourcecode.c.h; path = Element.h; sourceTree = "<group>"; };
		B99202DC125181BD006E8CC8 /* Element.m */ = {isa = PBXFileReference; fileEncoding = 4; lastKnownFileType = sourcecode.c.objc; path = Element.m; sourceTree = "<group>"; };
		B9FC9A311276864B006E4CEB /* ElementsForCategory.plist */ = {isa = PBXFileReference; fileEncoding = 4; lastKnownFileType = text.plist.xml; path = ElementsForCategory.plist; sourceTree = "<group>"; };
		B9FF40BC1273EA36003F667E /* SpecificCategoryViewController.xib */ = {isa = PBXFileReference; fileEncoding = 4; lastKnownFileType = file.xib; name = SpecificCategoryViewController.xib; path = Classes/SpecificCategoryViewController.xib; sourceTree = "<group>"; };
/* End PBXFileReference section */

/* Begin PBXFrameworksBuildPhase section */
		B950AFA6124EF2C20056309D /* Frameworks */ = {
			isa = PBXFrameworksBuildPhase;
			buildActionMask = 2147483647;
			files = (
				B950AFAD124EF2C20056309D /* UIKit.framework in Frameworks */,
				B950AFAF124EF2C20056309D /* Foundation.framework in Frameworks */,
				B950AFB1124EF2C20056309D /* CoreGraphics.framework in Frameworks */,
			);
			runOnlyForDeploymentPostprocessing = 0;
		};
/* End PBXFrameworksBuildPhase section */

/* Begin PBXGroup section */
		B950AF9A124EF2C20056309D = {
			isa = PBXGroup;
			children = (
				B950AFA1124EF2C20056309D /* Classes */,
				B950AFA2124EF2C20056309D /* Other Sources */,
				B950AFA3124EF2C20056309D /* Resources */,
				B950AFA4124EF2C20056309D /* Frameworks */,
				B950AFAA124EF2C20056309D /* Products */,
			);
			sourceTree = "<group>";
		};
		B950AFA1124EF2C20056309D /* Classes */ = {
			isa = PBXGroup;
			children = (
				B950AFB9124EF2C20056309D /* Alchemy_ProAppDelegate.h */,
				B950AFB7124EF2C20056309D /* main.m */,
				B950AFBA124EF2C20056309D /* Alchemy_ProAppDelegate.m */,
				B950AFBF124EF2C20056309D /* Alchemy_ProViewController.h */,
				B964679F12738B3A000BA1B8 /* Alchemy_ProViewController.m */,
				B99202DB125181BD006E8CC8 /* Element.h */,
				B99202DC125181BD006E8CC8 /* Element.m */,
				B95624AB127D093B00AA8A66 /* ElementSelectionView.h */,
				B95624AC127D093B00AA8A66 /* ElementSelectionView.m */,
			);
			path = Classes;
			sourceTree = "<group>";
		};
		B950AFA2124EF2C20056309D /* Other Sources */ = {
			isa = PBXGroup;
			children = (
				B950AFB3124EF2C20056309D /* Alchemy_Pro_Prefix.pch */,
			);
			name = "Other Sources";
			sourceTree = "<group>";
		};
		B950AFA3124EF2C20056309D /* Resources */ = {
			isa = PBXGroup;
			children = (
				B9FC9A311276864B006E4CEB /* ElementsForCategory.plist */,
				B96467B21273917C000BA1B8 /* ElementCategories.plist */,
				B9650B2A1273894C00AD010C /* ElementComboPList.plist */,
				B93F9911125439B50071D211 /* SampleElementIcon2.png */,
				B93F98DA12542B940071D211 /* ElementBackground2.png */,
				B950AFB2124EF2C20056309D /* Alchemy_Pro-Info.plist */,
				B95624AD127D093B00AA8A66 /* ElementSelectionView.xib */,
				B9FF40BC1273EA36003F667E /* SpecificCategoryViewController.xib */,
				B950AFB4124EF2C20056309D /* InfoPlist.strings */,
				B950AFBC124EF2C20056309D /* MainWindow.xib */,
				B950AFC2124EF2C20056309D /* Alchemy_ProViewController.xib */,
			);
			name = Resources;
			sourceTree = "<group>";
		};
		B950AFA4124EF2C20056309D /* Frameworks */ = {
			isa = PBXGroup;
			children = (
				B950AFAC124EF2C20056309D /* UIKit.framework */,
				B950AFAE124EF2C20056309D /* Foundation.framework */,
				B950AFB0124EF2C20056309D /* CoreGraphics.framework */,
			);
			name = Frameworks;
			sourceTree = "<group>";
		};
		B950AFAA124EF2C20056309D /* Products */ = {
			isa = PBXGroup;
			children = (
				B950AFA9124EF2C20056309D /* Alchemy Pro.app */,
			);
			name = Products;
			sourceTree = "<group>";
		};
/* End PBXGroup section */

/* Begin PBXNativeTarget section */
		B950AFA8124EF2C20056309D /* Alchemy Pro */ = {
			isa = PBXNativeTarget;
			buildConfigurationList = B950AFC7124EF2C20056309D /* Build configuration list for PBXNativeTarget "Alchemy Pro" */;
			buildPhases = (
				B950AFA5124EF2C20056309D /* Sources */,
				B950AFA6124EF2C20056309D /* Frameworks */,
				B950AFA7124EF2C20056309D /* Resources */,
			);
			buildRules = (
			);
			dependencies = (
			);
			name = "Alchemy Pro";
			productName = "Alchemy Pro";
			productReference = B950AFA9124EF2C20056309D /* Alchemy Pro.app */;
			productType = "com.apple.product-type.application";
		};
/* End PBXNativeTarget section */

/* Begin PBXProject section */
		B950AF9C124EF2C20056309D /* Project object */ = {
			isa = PBXProject;
			attributes = {
				ORGANIZATIONNAME = PDHS;
			};
			buildConfigurationList = B950AF9F124EF2C20056309D /* Build configuration list for PBXProject "Alchemy Pro" */;
			compatibilityVersion = "Xcode 3.2";
			developmentRegion = English;
			hasScannedForEncodings = 0;
			knownRegions = (
				en,
			);
			mainGroup = B950AF9A124EF2C20056309D;
			productRefGroup = B950AFAA124EF2C20056309D /* Products */;
			projectDirPath = "";
			projectRoot = "";
			targets = (
				B950AFA8124EF2C20056309D /* Alchemy Pro */,
			);
		};
/* End PBXProject section */

/* Begin PBXResourcesBuildPhase section */
		B950AFA7124EF2C20056309D /* Resources */ = {
			isa = PBXResourcesBuildPhase;
			buildActionMask = 2147483647;
			files = (
				B950AFB6124EF2C20056309D /* InfoPlist.strings in Resources */,
				B950AFBE124EF2C20056309D /* MainWindow.xib in Resources */,
				B950AFC4124EF2C20056309D /* Alchemy_ProViewController.xib in Resources */,
				B93F98DB12542B940071D211 /* ElementBackground2.png in Resources */,
				B93F9912125439B50071D211 /* SampleElementIcon2.png in Resources */,
				B9650B2B1273894C00AD010C /* ElementComboPList.plist in Resources */,
				B96467B31273917C000BA1B8 /* ElementCategories.plist in Resources */,
				B9FF40BE1273EA36003F667E /* SpecificCategoryViewController.xib in Resources */,
				B9FC9A321276864B006E4CEB /* ElementsForCategory.plist in Resources */,
				B95624AF127D093B00AA8A66 /* ElementSelectionView.xib in Resources */,
			);
			runOnlyForDeploymentPostprocessing = 0;
		};
/* End PBXResourcesBuildPhase section */

/* Begin PBXSourcesBuildPhase section */
		B950AFA5124EF2C20056309D /* Sources */ = {
			isa = PBXSourcesBuildPhase;
			buildActionMask = 2147483647;
			files = (
				B950AFB8124EF2C20056309D /* main.m in Sources */,
				B950AFBB124EF2C20056309D /* Alchemy_ProAppDelegate.m in Sources */,
				B99202DD125181BD006E8CC8 /* Element.m in Sources */,
				B96467A012738B3B000BA1B8 /* Alchemy_ProViewController.m in Sources */,
				B95624AE127D093B00AA8A66 /* ElementSelectionView.m in Sources */,
			);
			runOnlyForDeploymentPostprocessing = 0;
		};
/* End PBXSourcesBuildPhase section */

/* Begin PBXVariantGroup section */
		B950AFB4124EF2C20056309D /* InfoPlist.strings */ = {
			isa = PBXVariantGroup;
			children = (
				B950AFB5124EF2C20056309D /* en */,
			);
			name = InfoPlist.strings;
			sourceTree = "<group>";
		};
		B950AFBC124EF2C20056309D /* MainWindow.xib */ = {
			isa = PBXVariantGroup;
			children = (
				B950AFBD124EF2C20056309D /* en */,
			);
			name = MainWindow.xib;
			sourceTree = "<group>";
		};
		B950AFC2124EF2C20056309D /* Alchemy_ProViewController.xib */ = {
			isa = PBXVariantGroup;
			children = (
				B950AFC3124EF2C20056309D /* en */,
			);
			name = Alchemy_ProViewController.xib;
			sourceTree = "<group>";
		};
/* End PBXVariantGroup section */

/* Begin XCBuildConfiguration section */
		B950AFC5124EF2C20056309D /* Debug */ = {
			isa = XCBuildConfiguration;
			buildSettings = {
				ARCHS = "$(ARCHS_STANDARD_32_BIT)";
				"CODE_SIGN_IDENTITY[sdk=iphoneos*]" = "iPhone Developer";
				GCC_C_LANGUAGE_STANDARD = gnu99;
				GCC_OPTIMIZATION_LEVEL = 0;
				GCC_PREPROCESSOR_DEFINITIONS = DEBUG;
				GCC_WARN_ABOUT_RETURN_TYPE = YES;
				GCC_WARN_UNUSED_VARIABLE = YES;
				IPHONEOS_DEPLOYMENT_TARGET = 3.1;
				PREBINDING = NO;
				SDKROOT = iphoneos4.1;
			};
			name = Debug;
		};
		B950AFC6124EF2C20056309D /* Release */ = {
			isa = XCBuildConfiguration;
			buildSettings = {
				ARCHS = "$(ARCHS_STANDARD_32_BIT)";
				"CODE_SIGN_IDENTITY[sdk=iphoneos*]" = "iPhone Developer";
				GCC_C_LANGUAGE_STANDARD = gnu99;
				GCC_WARN_ABOUT_RETURN_TYPE = YES;
				GCC_WARN_UNUSED_VARIABLE = YES;
				IPHONEOS_DEPLOYMENT_TARGET = 3.1;
				OTHER_CFLAGS = "-DNS_BLOCK_ASSERTIONS=1";
				PREBINDING = NO;
				SDKROOT = iphoneos4.1;
			};
			name = Release;
		};
		B950AFC8124EF2C20056309D /* Debug */ = {
			isa = XCBuildConfiguration;
			buildSettings = {
				ALWAYS_SEARCH_USER_PATHS = NO;
				COPY_PHASE_STRIP = NO;
				GCC_DYNAMIC_NO_PIC = NO;
				GCC_PRECOMPILE_PREFIX_HEADER = YES;
				GCC_PREFIX_HEADER = Alchemy_Pro_Prefix.pch;
				INFOPLIST_FILE = "Alchemy_Pro-Info.plist";
				PRODUCT_NAME = "Alchemy Pro";
				WRAPPER_EXTENSION = app;
			};
			name = Debug;
		};
		B950AFC9124EF2C20056309D /* Release */ = {
			isa = XCBuildConfiguration;
			buildSettings = {
				ALWAYS_SEARCH_USER_PATHS = NO;
				COPY_PHASE_STRIP = YES;
				GCC_PRECOMPILE_PREFIX_HEADER = YES;
				GCC_PREFIX_HEADER = Alchemy_Pro_Prefix.pch;
				INFOPLIST_FILE = "Alchemy_Pro-Info.plist";
				PRODUCT_NAME = "Alchemy Pro";
				VALIDATE_PRODUCT = YES;
				WRAPPER_EXTENSION = app;
			};
			name = Release;
		};
/* End XCBuildConfiguration section */

/* Begin XCConfigurationList section */
		B950AF9F124EF2C20056309D /* Build configuration list for PBXProject "Alchemy Pro" */ = {
			isa = XCConfigurationList;
			buildConfigurations = (
				B950AFC5124EF2C20056309D /* Debug */,
				B950AFC6124EF2C20056309D /* Release */,
			);
			defaultConfigurationIsVisible = 0;
			defaultConfigurationName = Release;
		};
		B950AFC7124EF2C20056309D /* Build configuration list for PBXNativeTarget "Alchemy Pro" */ = {
			isa = XCConfigurationList;
			buildConfigurations = (
				B950AFC8124EF2C20056309D /* Debug */,
				B950AFC9124EF2C20056309D /* Release */,
			);
			defaultConfigurationIsVisible = 0;
			defaultConfigurationName = Release;
		};
/* End XCConfigurationList section */
	};
	rootObject = B950AF9C124EF2C20056309D /* Project object */;
}
